
Microsoft Visual Studio Solution File, Format Version 12.00
# Visual Studio Version 17
VisualStudioVersion = 17.11.35327.3
MinimumVisualStudioVersion = 10.0.40219.1
Project("{FAE04EC0-301F-11D3-BF4B-00C04F79EFBC}") = "NEA - 2D Physics Simulator", "NEA - 2D Physics Simulator\NEA - 2D Physics Simulator.csproj", "{7516387A-C0DE-4E38-87BB-CCBDCB6375BC}"
EndProject
Global
	GlobalSection(SolutionConfigurationPlatforms) = preSolution
		Debug|Any CPU = Debug|Any CPU
		Release|Any CPU = Release|Any CPU
	EndGlobalSection
	GlobalSection(ProjectConfigurationPlatforms) = postSolution
		{7516387A-C0DE-4E38-87BB-CCBDCB6375BC}.Debug|Any CPU.ActiveCfg = Debug|Any CPU
		{7516387A-C0DE-4E38-87BB-CCBDCB6375BC}.Debug|Any CPU.Build.0 = Debug|Any CPU
		{7516387A-C0DE-4E38-87BB-CCBDCB6375BC}.Release|Any CPU.ActiveCfg = Release|Any CPU
		{7516387A-C0DE-4E38-87BB-CCBDCB6375BC}.Release|Any CPU.Build.0 = Release|Any CPU
	EndGlobalSection
	GlobalSection(SolutionProperties) = preSolution
		HideSolutionNode = FALSE
	EndGlobalSection
	GlobalSection(ExtensibilityGlobals) = postSolution
		SolutionGuid = {14DD9FFA-5277-4AF6-8999-2F829A6D04F6}
	EndGlobalSection
EndGlobal
